
Microsoft Visual Studio Solution File, Format Version 12.00
# Visual Studio Version 17
VisualStudioVersion = 17.8.34511.84
MinimumVisualStudioVersion = 10.0.40219.1
Project("{FAE04EC0-301F-11D3-BF4B-00C04F79EFBC}") = "winFor3", "winFor3\winFor3.csproj", "{A33430C5-3C77-436F-B881-F7A47D4F3C7B}"
EndProject
Global
	GlobalSection(SolutionConfigurationPlatforms) = preSolution
		Debug|Any CPU = Debug|Any CPU
		Release|Any CPU = Release|Any CPU
	EndGlobalSection
	GlobalSection(ProjectConfigurationPlatforms) = postSolution
		{A33430C5-3C77-436F-B881-F7A47D4F3C7B}.Debug|Any CPU.ActiveCfg = Debug|Any CPU
		{A33430C5-3C77-436F-B881-F7A47D4F3C7B}.Debug|Any CPU.Build.0 = Debug|Any CPU
		{A33430C5-3C77-436F-B881-F7A47D4F3C7B}.Release|Any CPU.ActiveCfg = Release|Any CPU
		{A33430C5-3C77-436F-B881-F7A47D4F3C7B}.Release|Any CPU.Build.0 = Release|Any CPU
	EndGlobalSection
	GlobalSection(SolutionProperties) = preSolution
		HideSolutionNode = FALSE
	EndGlobalSection
	GlobalSection(ExtensibilityGlobals) = postSolution
		SolutionGuid = {0683392E-7B21-42FE-B515-284EC9233448}
	EndGlobalSection
EndGlobal
