
Microsoft Visual Studio Solution File, Format Version 12.00
# Visual Studio Version 17
VisualStudioVersion = 17.8.34511.84
MinimumVisualStudioVersion = 10.0.40219.1
Project("{FAE04EC0-301F-11D3-BF4B-00C04F79EFBC}") = "Exercicio2", "Exercicio2\Exercicio2.csproj", "{47D9234E-F2AE-4974-B1D3-511050FFD0E3}"
EndProject
Global
	GlobalSection(SolutionConfigurationPlatforms) = preSolution
		Debug|Any CPU = Debug|Any CPU
		Release|Any CPU = Release|Any CPU
	EndGlobalSection
	GlobalSection(ProjectConfigurationPlatforms) = postSolution
		{47D9234E-F2AE-4974-B1D3-511050FFD0E3}.Debug|Any CPU.ActiveCfg = Debug|Any CPU
		{47D9234E-F2AE-4974-B1D3-511050FFD0E3}.Debug|Any CPU.Build.0 = Debug|Any CPU
		{47D9234E-F2AE-4974-B1D3-511050FFD0E3}.Release|Any CPU.ActiveCfg = Release|Any CPU
		{47D9234E-F2AE-4974-B1D3-511050FFD0E3}.Release|Any CPU.Build.0 = Release|Any CPU
	EndGlobalSection
	GlobalSection(SolutionProperties) = preSolution
		HideSolutionNode = FALSE
	EndGlobalSection
	GlobalSection(ExtensibilityGlobals) = postSolution
		SolutionGuid = {4E047339-EDB9-4864-BE7A-451E9D0BBB61}
	EndGlobalSection
EndGlobal
