
Microsoft Visual Studio Solution File, Format Version 12.00
# Visual Studio Version 17
VisualStudioVersion = 17.8.34511.84
MinimumVisualStudioVersion = 10.0.40219.1
Project("{FAE04EC0-301F-11D3-BF4B-00C04F79EFBC}") = "winFor2", "winFor2\winFor2.csproj", "{7DD3C094-545E-4AD7-A549-6D04FA414AF2}"
EndProject
Global
	GlobalSection(SolutionConfigurationPlatforms) = preSolution
		Debug|Any CPU = Debug|Any CPU
		Release|Any CPU = Release|Any CPU
	EndGlobalSection
	GlobalSection(ProjectConfigurationPlatforms) = postSolution
		{7DD3C094-545E-4AD7-A549-6D04FA414AF2}.Debug|Any CPU.ActiveCfg = Debug|Any CPU
		{7DD3C094-545E-4AD7-A549-6D04FA414AF2}.Debug|Any CPU.Build.0 = Debug|Any CPU
		{7DD3C094-545E-4AD7-A549-6D04FA414AF2}.Release|Any CPU.ActiveCfg = Release|Any CPU
		{7DD3C094-545E-4AD7-A549-6D04FA414AF2}.Release|Any CPU.Build.0 = Release|Any CPU
	EndGlobalSection
	GlobalSection(SolutionProperties) = preSolution
		HideSolutionNode = FALSE
	EndGlobalSection
	GlobalSection(ExtensibilityGlobals) = postSolution
		SolutionGuid = {E0F2D7F9-1A3A-42FB-80AE-3A95B55BED58}
	EndGlobalSection
EndGlobal
