
Microsoft Visual Studio Solution File, Format Version 12.00
# Visual Studio Version 17
VisualStudioVersion = 17.8.34511.84
MinimumVisualStudioVersion = 10.0.40219.1
Project("{FAE04EC0-301F-11D3-BF4B-00C04F79EFBC}") = "WinFormVini2", "WinFormVini2\WinFormVini2.csproj", "{D067AEE7-DBA4-4F7D-8237-92110B39683A}"
EndProject
Global
	GlobalSection(SolutionConfigurationPlatforms) = preSolution
		Debug|Any CPU = Debug|Any CPU
		Release|Any CPU = Release|Any CPU
	EndGlobalSection
	GlobalSection(ProjectConfigurationPlatforms) = postSolution
		{D067AEE7-DBA4-4F7D-8237-92110B39683A}.Debug|Any CPU.ActiveCfg = Debug|Any CPU
		{D067AEE7-DBA4-4F7D-8237-92110B39683A}.Debug|Any CPU.Build.0 = Debug|Any CPU
		{D067AEE7-DBA4-4F7D-8237-92110B39683A}.Release|Any CPU.ActiveCfg = Release|Any CPU
		{D067AEE7-DBA4-4F7D-8237-92110B39683A}.Release|Any CPU.Build.0 = Release|Any CPU
	EndGlobalSection
	GlobalSection(SolutionProperties) = preSolution
		HideSolutionNode = FALSE
	EndGlobalSection
	GlobalSection(ExtensibilityGlobals) = postSolution
		SolutionGuid = {CCC8DADB-4A5B-4474-8A3F-6523C8012C0E}
	EndGlobalSection
EndGlobal
